// !$*UTF8*$!
{
	archiveVersion = 1;
	classes = {
	};
	objectVersion = 46;
	objects = {

/* Begin PBXBuildFile section */
		3210595F1812FACA00149324 /* schedule.plist in Resources */ = {isa = PBXBuildFile; fileRef = 3210595E1812FACA00149324 /* schedule.plist */; };
		3210596218131E2300149324 /* TntuKit.m in Sources */ = {isa = PBXBuildFile; fileRef = 3210596118131E2300149324 /* TntuKit.m */; };
		3242795F182706E100E266BB /* PhotoViewController.m in Sources */ = {isa = PBXBuildFile; fileRef = 3242795E182706E100E266BB /* PhotoViewController.m */; };
		32427962182708B400E266BB /* ShowPhotoTransition.m in Sources */ = {isa = PBXBuildFile; fileRef = 32427961182708B400E266BB /* ShowPhotoTransition.m */; };
		32637BC818258639005ED71E /* ArticleTableViewController.m in Sources */ = {isa = PBXBuildFile; fileRef = 32637BC718258639005ED71E /* ArticleTableViewController.m */; };
		327FC8C1181D8FEA0085D605 /* UIColor+TNTUAdditions.m in Sources */ = {isa = PBXBuildFile; fileRef = 327FC8C0181D8FEA0085D605 /* UIColor+TNTUAdditions.m */; };
		32810D4717E7503600FF45C8 /* Foundation.framework in Frameworks */ = {isa = PBXBuildFile; fileRef = 32810D4617E7503600FF45C8 /* Foundation.framework */; };
		32810D4917E7503600FF45C8 /* CoreGraphics.framework in Frameworks */ = {isa = PBXBuildFile; fileRef = 32810D4817E7503600FF45C8 /* CoreGraphics.framework */; };
		32810D4B17E7503600FF45C8 /* UIKit.framework in Frameworks */ = {isa = PBXBuildFile; fileRef = 32810D4A17E7503600FF45C8 /* UIKit.framework */; };
		32810D5117E7503600FF45C8 /* InfoPlist.strings in Resources */ = {isa = PBXBuildFile; fileRef = 32810D4F17E7503600FF45C8 /* InfoPlist.strings */; };
		32810D5317E7503600FF45C8 /* main.m in Sources */ = {isa = PBXBuildFile; fileRef = 32810D5217E7503600FF45C8 /* main.m */; };
		32810D5717E7503600FF45C8 /* AppDelegate.m in Sources */ = {isa = PBXBuildFile; fileRef = 32810D5617E7503600FF45C8 /* AppDelegate.m */; };
		32810D5A17E7503600FF45C8 /* Main.storyboard in Resources */ = {isa = PBXBuildFile; fileRef = 32810D5817E7503600FF45C8 /* Main.storyboard */; };
		32810D5F17E7503600FF45C8 /* Images.xcassets in Resources */ = {isa = PBXBuildFile; fileRef = 32810D5E17E7503600FF45C8 /* Images.xcassets */; };
		32810D6617E7503600FF45C8 /* XCTest.framework in Frameworks */ = {isa = PBXBuildFile; fileRef = 32810D6517E7503600FF45C8 /* XCTest.framework */; };
		32810D6717E7503600FF45C8 /* Foundation.framework in Frameworks */ = {isa = PBXBuildFile; fileRef = 32810D4617E7503600FF45C8 /* Foundation.framework */; };
		32810D6817E7503600FF45C8 /* UIKit.framework in Frameworks */ = {isa = PBXBuildFile; fileRef = 32810D4A17E7503600FF45C8 /* UIKit.framework */; };
		32810D7017E7503600FF45C8 /* InfoPlist.strings in Resources */ = {isa = PBXBuildFile; fileRef = 32810D6E17E7503600FF45C8 /* InfoPlist.strings */; };
		32810D7217E7503600FF45C8 /* TNTU_AppTests.m in Sources */ = {isa = PBXBuildFile; fileRef = 32810D7117E7503600FF45C8 /* TNTU_AppTests.m */; };
		32810D7D17E7521C00FF45C8 /* InfoMainTableViewController.m in Sources */ = {isa = PBXBuildFile; fileRef = 32810D7C17E7521C00FF45C8 /* InfoMainTableViewController.m */; };
		32810D7E17E7521C00FF45C8 /* InfoMainTableViewController.m in Sources */ = {isa = PBXBuildFile; fileRef = 32810D7C17E7521C00FF45C8 /* InfoMainTableViewController.m */; };
		32810D9817E75FBD00FF45C8 /* InfoSecondaryTableViewController.m in Sources */ = {isa = PBXBuildFile; fileRef = 32810D9717E75FBD00FF45C8 /* InfoSecondaryTableViewController.m */; };
		32810D9917E75FBD00FF45C8 /* InfoSecondaryTableViewController.m in Sources */ = {isa = PBXBuildFile; fileRef = 32810D9717E75FBD00FF45C8 /* InfoSecondaryTableViewController.m */; };
		32810DA417E7A7F700FF45C8 /* GroupsTableViewController.m in Sources */ = {isa = PBXBuildFile; fileRef = 32810DA317E7A7F700FF45C8 /* GroupsTableViewController.m */; };
		32810DA517E7A7F700FF45C8 /* GroupsTableViewController.m in Sources */ = {isa = PBXBuildFile; fileRef = 32810DA317E7A7F700FF45C8 /* GroupsTableViewController.m */; };
		3281ECD4183BB82B00EA41CA /* NewsTextView.m in Sources */ = {isa = PBXBuildFile; fileRef = 3281ECD3183BB82B00EA41CA /* NewsTextView.m */; };
		3281ECD7183BB85F00EA41CA /* NewsViewController.m in Sources */ = {isa = PBXBuildFile; fileRef = 3281ECD6183BB85F00EA41CA /* NewsViewController.m */; };
		32821A70180B362900F07112 /* WYPopoverController.m in Sources */ = {isa = PBXBuildFile; fileRef = 32821A6D180B362900F07112 /* WYPopoverController.m */; };
		32821A71180B362900F07112 /* WYStoryboardPopoverSegue.m in Sources */ = {isa = PBXBuildFile; fileRef = 32821A6F180B362900F07112 /* WYStoryboardPopoverSegue.m */; };
		32821A75180B38A500F07112 /* PopoverTableViewController.m in Sources */ = {isa = PBXBuildFile; fileRef = 32821A74180B38A500F07112 /* PopoverTableViewController.m */; };
		32877359180D69F700693E24 /* NewsTableViewController.m in Sources */ = {isa = PBXBuildFile; fileRef = 32877358180D69F700693E24 /* NewsTableViewController.m */; };
		3287735D180D6A6000693E24 /* NewsTableViewCell.m in Sources */ = {isa = PBXBuildFile; fileRef = 3287735C180D6A6000693E24 /* NewsTableViewCell.m */; };
		32877363180D6CB500693E24 /* placeholder.png in Resources */ = {isa = PBXBuildFile; fileRef = 32877362180D6CB500693E24 /* placeholder.png */; };
		328E7BB11821B9AC0001B3CD /* UIFont+TNTUAdditions.m in Sources */ = {isa = PBXBuildFile; fileRef = 328E7BB01821B9AC0001B3CD /* UIFont+TNTUAdditions.m */; };
		3290DF94183827700076B7B4 /* MHFacebookImageViewer.m in Sources */ = {isa = PBXBuildFile; fileRef = 3290DF90183827700076B7B4 /* MHFacebookImageViewer.m */; };
		3290DF95183827700076B7B4 /* Done.png in Resources */ = {isa = PBXBuildFile; fileRef = 3290DF92183827700076B7B4 /* Done.png */; };
		3290DF96183827700076B7B4 /* Done@2x.png in Resources */ = {isa = PBXBuildFile; fileRef = 3290DF93183827700076B7B4 /* Done@2x.png */; };
		3290DFBE183828910076B7B4 /* AFHTTPRequestOperation.m in Sources */ = {isa = PBXBuildFile; fileRef = 3290DF9C183828910076B7B4 /* AFHTTPRequestOperation.m */; };
		3290DFBF183828910076B7B4 /* AFHTTPRequestOperationManager.m in Sources */ = {isa = PBXBuildFile; fileRef = 3290DF9E183828910076B7B4 /* AFHTTPRequestOperationManager.m */; };
		3290DFC0183828910076B7B4 /* AFHTTPSessionManager.m in Sources */ = {isa = PBXBuildFile; fileRef = 3290DFA0183828910076B7B4 /* AFHTTPSessionManager.m */; };
		3290DFC1183828910076B7B4 /* AFNetworkReachabilityManager.m in Sources */ = {isa = PBXBuildFile; fileRef = 3290DFA3183828910076B7B4 /* AFNetworkReachabilityManager.m */; };
		3290DFC2183828910076B7B4 /* AFSecurityPolicy.m in Sources */ = {isa = PBXBuildFile; fileRef = 3290DFA5183828910076B7B4 /* AFSecurityPolicy.m */; };
		3290DFC3183828910076B7B4 /* AFURLConnectionOperation.m in Sources */ = {isa = PBXBuildFile; fileRef = 3290DFA7183828910076B7B4 /* AFURLConnectionOperation.m */; };
		3290DFC4183828910076B7B4 /* AFURLRequestSerialization.m in Sources */ = {isa = PBXBuildFile; fileRef = 3290DFA9183828910076B7B4 /* AFURLRequestSerialization.m */; };
		3290DFC5183828910076B7B4 /* AFURLResponseSerialization.m in Sources */ = {isa = PBXBuildFile; fileRef = 3290DFAB183828910076B7B4 /* AFURLResponseSerialization.m */; };
		3290DFC6183828910076B7B4 /* AFURLSessionManager.m in Sources */ = {isa = PBXBuildFile; fileRef = 3290DFAD183828910076B7B4 /* AFURLSessionManager.m */; };
		3290DFC7183828910076B7B4 /* AFNetworkActivityIndicatorManager.m in Sources */ = {isa = PBXBuildFile; fileRef = 3290DFB0183828910076B7B4 /* AFNetworkActivityIndicatorManager.m */; };
		3290DFC8183828910076B7B4 /* UIActivityIndicatorView+AFNetworking.m in Sources */ = {isa = PBXBuildFile; fileRef = 3290DFB2183828910076B7B4 /* UIActivityIndicatorView+AFNetworking.m */; };
		3290DFC9183828910076B7B4 /* UIAlertView+AFNetworking.m in Sources */ = {isa = PBXBuildFile; fileRef = 3290DFB4183828910076B7B4 /* UIAlertView+AFNetworking.m */; };
		3290DFCA183828910076B7B4 /* UIButton+AFNetworking.m in Sources */ = {isa = PBXBuildFile; fileRef = 3290DFB6183828910076B7B4 /* UIButton+AFNetworking.m */; };
		3290DFCB183828910076B7B4 /* UIImageView+AFNetworking.m in Sources */ = {isa = PBXBuildFile; fileRef = 3290DFB8183828910076B7B4 /* UIImageView+AFNetworking.m */; };
		3290DFCC183828910076B7B4 /* UIProgressView+AFNetworking.m in Sources */ = {isa = PBXBuildFile; fileRef = 3290DFBB183828910076B7B4 /* UIProgressView+AFNetworking.m */; };
		3290DFCD183828910076B7B4 /* UIWebView+AFNetworking.m in Sources */ = {isa = PBXBuildFile; fileRef = 3290DFBD183828910076B7B4 /* UIWebView+AFNetworking.m */; };
		3293771D180EEDA000D8172D /* Media.xcassets in Resources */ = {isa = PBXBuildFile; fileRef = 3293771C180EEDA000D8172D /* Media.xcassets */; };
		3295A81818213B650034F065 /* ArticleTextView.m in Sources */ = {isa = PBXBuildFile; fileRef = 3295A81718213B650034F065 /* ArticleTextView.m */; };
		32A334AA1847969C00284483 /* EmptyNewsCell.m in Sources */ = {isa = PBXBuildFile; fileRef = 32A334A91847969C00284483 /* EmptyNewsCell.m */; };
		32C1EA4517EB3468000ED75A /* ScheduleTableViewController.m in Sources */ = {isa = PBXBuildFile; fileRef = 32C1EA4417EB3468000ED75A /* ScheduleTableViewController.m */; };
		32C1EA4917EB3A81000ED75A /* ScheduleSingleCell.m in Sources */ = {isa = PBXBuildFile; fileRef = 32C1EA4817EB3A81000ED75A /* ScheduleSingleCell.m */; };
		32CBAA711829366600C9CB1A /* DismissPhotoTransition.m in Sources */ = {isa = PBXBuildFile; fileRef = 32CBAA701829366600C9CB1A /* DismissPhotoTransition.m */; };
/* End PBXBuildFile section */

/* Begin PBXContainerItemProxy section */
		32810D6917E7503600FF45C8 /* PBXContainerItemProxy */ = {
			isa = PBXContainerItemProxy;
			containerPortal = 32810D3B17E7503600FF45C8 /* Project object */;
			proxyType = 1;
			remoteGlobalIDString = 32810D4217E7503600FF45C8;
			remoteInfo = "TNTU App";
		};
/* End PBXContainerItemProxy section */

/* Begin PBXFileReference section */
		3210595D1812FA9B00149324 /* en */ = {isa = PBXFileReference; lastKnownFileType = file.storyboard; name = en; path = en.lproj/Main.storyboard; sourceTree = "<group>"; };
		3210595E1812FACA00149324 /* schedule.plist */ = {isa = PBXFileReference; fileEncoding = 4; lastKnownFileType = text.plist.xml; path = schedule.plist; sourceTree = "<group>"; };
		3210596018131E2300149324 /* TntuKit.h */ = {isa = PBXFileReference; fileEncoding = 4; lastKnownFileType = sourcecode.c.h; name = TntuKit.h; path = Classes/TntuKit.h; sourceTree = "<group>"; };
		3210596118131E2300149324 /* TntuKit.m */ = {isa = PBXFileReference; fileEncoding = 4; lastKnownFileType = sourcecode.c.objc; name = TntuKit.m; path = Classes/TntuKit.m; sourceTree = "<group>"; };
		3242795D182706E100E266BB /* PhotoViewController.h */ = {isa = PBXFileReference; fileEncoding = 4; lastKnownFileType = sourcecode.c.h; name = PhotoViewController.h; path = Classes/PhotoViewController.h; sourceTree = "<group>"; };
		3242795E182706E100E266BB /* PhotoViewController.m */ = {isa = PBXFileReference; fileEncoding = 4; lastKnownFileType = sourcecode.c.objc; name = PhotoViewController.m; path = Classes/PhotoViewController.m; sourceTree = "<group>"; };
		32427960182708B400E266BB /* ShowPhotoTransition.h */ = {isa = PBXFileReference; fileEncoding = 4; lastKnownFileType = sourcecode.c.h; name = ShowPhotoTransition.h; path = Classes/ShowPhotoTransition.h; sourceTree = "<group>"; };
		32427961182708B400E266BB /* ShowPhotoTransition.m */ = {isa = PBXFileReference; fileEncoding = 4; lastKnownFileType = sourcecode.c.objc; name = ShowPhotoTransition.m; path = Classes/ShowPhotoTransition.m; sourceTree = "<group>"; };
		32637BC618258639005ED71E /* ArticleTableViewController.h */ = {isa = PBXFileReference; fileEncoding = 4; lastKnownFileType = sourcecode.c.h; name = ArticleTableViewController.h; path = Classes/ArticleTableViewController.h; sourceTree = "<group>"; };
		32637BC718258639005ED71E /* ArticleTableViewController.m */ = {isa = PBXFileReference; fileEncoding = 4; lastKnownFileType = sourcecode.c.objc; name = ArticleTableViewController.m; path = Classes/ArticleTableViewController.m; sourceTree = "<group>"; };
		327FC8BF181D8FEA0085D605 /* UIColor+TNTUAdditions.h */ = {isa = PBXFileReference; fileEncoding = 4; lastKnownFileType = sourcecode.c.h; name = "UIColor+TNTUAdditions.h"; path = "Category/UIColor+TNTUAdditions.h"; sourceTree = "<group>"; };
		327FC8C0181D8FEA0085D605 /* UIColor+TNTUAdditions.m */ = {isa = PBXFileReference; fileEncoding = 4; lastKnownFileType = sourcecode.c.objc; name = "UIColor+TNTUAdditions.m"; path = "Category/UIColor+TNTUAdditions.m"; sourceTree = "<group>"; };
		32810D4317E7503600FF45C8 /* TNTU App.app */ = {isa = PBXFileReference; explicitFileType = wrapper.application; includeInIndex = 0; path = "TNTU App.app"; sourceTree = BUILT_PRODUCTS_DIR; };
		32810D4617E7503600FF45C8 /* Foundation.framework */ = {isa = PBXFileReference; lastKnownFileType = wrapper.framework; name = Foundation.framework; path = System/Library/Frameworks/Foundation.framework; sourceTree = SDKROOT; };
		32810D4817E7503600FF45C8 /* CoreGraphics.framework */ = {isa = PBXFileReference; lastKnownFileType = wrapper.framework; name = CoreGraphics.framework; path = System/Library/Frameworks/CoreGraphics.framework; sourceTree = SDKROOT; };
		32810D4A17E7503600FF45C8 /* UIKit.framework */ = {isa = PBXFileReference; lastKnownFileType = wrapper.framework; name = UIKit.framework; path = System/Library/Frameworks/UIKit.framework; sourceTree = SDKROOT; };
		32810D4E17E7503600FF45C8 /* TNTU App-Info.plist */ = {isa = PBXFileReference; lastKnownFileType = text.plist.xml; path = "TNTU App-Info.plist"; sourceTree = "<group>"; };
		32810D5017E7503600FF45C8 /* en */ = {isa = PBXFileReference; lastKnownFileType = text.plist.strings; name = en; path = en.lproj/InfoPlist.strings; sourceTree = "<group>"; };
		32810D5217E7503600FF45C8 /* main.m */ = {isa = PBXFileReference; lastKnownFileType = sourcecode.c.objc; path = main.m; sourceTree = "<group>"; };
		32810D5417E7503600FF45C8 /* TNTU App-Prefix.pch */ = {isa = PBXFileReference; lastKnownFileType = sourcecode.c.h; path = "TNTU App-Prefix.pch"; sourceTree = "<group>"; };
		32810D5517E7503600FF45C8 /* AppDelegate.h */ = {isa = PBXFileReference; lastKnownFileType = sourcecode.c.h; path = AppDelegate.h; sourceTree = "<group>"; };
		32810D5617E7503600FF45C8 /* AppDelegate.m */ = {isa = PBXFileReference; lastKnownFileType = sourcecode.c.objc; path = AppDelegate.m; sourceTree = "<group>"; };
		32810D5E17E7503600FF45C8 /* Images.xcassets */ = {isa = PBXFileReference; lastKnownFileType = folder.assetcatalog; path = Images.xcassets; sourceTree = "<group>"; };
		32810D6417E7503600FF45C8 /* TNTU AppTests.xctest */ = {isa = PBXFileReference; explicitFileType = wrapper.cfbundle; includeInIndex = 0; path = "TNTU AppTests.xctest"; sourceTree = BUILT_PRODUCTS_DIR; };
		32810D6517E7503600FF45C8 /* XCTest.framework */ = {isa = PBXFileReference; lastKnownFileType = wrapper.framework; name = XCTest.framework; path = Library/Frameworks/XCTest.framework; sourceTree = DEVELOPER_DIR; };
		32810D6D17E7503600FF45C8 /* TNTU AppTests-Info.plist */ = {isa = PBXFileReference; lastKnownFileType = text.plist.xml; path = "TNTU AppTests-Info.plist"; sourceTree = "<group>"; };
		32810D6F17E7503600FF45C8 /* en */ = {isa = PBXFileReference; lastKnownFileType = text.plist.strings; name = en; path = en.lproj/InfoPlist.strings; sourceTree = "<group>"; };
		32810D7117E7503600FF45C8 /* TNTU_AppTests.m */ = {isa = PBXFileReference; lastKnownFileType = sourcecode.c.objc; path = TNTU_AppTests.m; sourceTree = "<group>"; };
		32810D7B17E7521C00FF45C8 /* InfoMainTableViewController.h */ = {isa = PBXFileReference; fileEncoding = 4; lastKnownFileType = sourcecode.c.h; name = InfoMainTableViewController.h; path = Classes/InfoMainTableViewController.h; sourceTree = "<group>"; };
		32810D7C17E7521C00FF45C8 /* InfoMainTableViewController.m */ = {isa = PBXFileReference; fileEncoding = 4; lastKnownFileType = sourcecode.c.objc; name = InfoMainTableViewController.m; path = Classes/InfoMainTableViewController.m; sourceTree = "<group>"; };
		32810D9617E75FBD00FF45C8 /* InfoSecondaryTableViewController.h */ = {isa = PBXFileReference; fileEncoding = 4; lastKnownFileType = sourcecode.c.h; name = InfoSecondaryTableViewController.h; path = Classes/InfoSecondaryTableViewController.h; sourceTree = "<group>"; };
		32810D9717E75FBD00FF45C8 /* InfoSecondaryTableViewController.m */ = {isa = PBXFileReference; fileEncoding = 4; lastKnownFileType = sourcecode.c.objc; name = InfoSecondaryTableViewController.m; path = Classes/InfoSecondaryTableViewController.m; sourceTree = "<group>"; };
		32810DA217E7A7F700FF45C8 /* GroupsTableViewController.h */ = {isa = PBXFileReference; fileEncoding = 4; lastKnownFileType = sourcecode.c.h; name = GroupsTableViewController.h; path = Classes/GroupsTableViewController.h; sourceTree = "<group>"; };
		32810DA317E7A7F700FF45C8 /* GroupsTableViewController.m */ = {isa = PBXFileReference; fileEncoding = 4; lastKnownFileType = sourcecode.c.objc; name = GroupsTableViewController.m; path = Classes/GroupsTableViewController.m; sourceTree = "<group>"; };
		3281ECD2183BB82B00EA41CA /* NewsTextView.h */ = {isa = PBXFileReference; fileEncoding = 4; lastKnownFileType = sourcecode.c.h; name = NewsTextView.h; path = Classes/NewsTextView.h; sourceTree = "<group>"; };
		3281ECD3183BB82B00EA41CA /* NewsTextView.m */ = {isa = PBXFileReference; fileEncoding = 4; lastKnownFileType = sourcecode.c.objc; name = NewsTextView.m; path = Classes/NewsTextView.m; sourceTree = "<group>"; };
		3281ECD5183BB85F00EA41CA /* NewsViewController.h */ = {isa = PBXFileReference; fileEncoding = 4; lastKnownFileType = sourcecode.c.h; name = NewsViewController.h; path = Classes/NewsViewController.h; sourceTree = "<group>"; };
		3281ECD6183BB85F00EA41CA /* NewsViewController.m */ = {isa = PBXFileReference; fileEncoding = 4; lastKnownFileType = sourcecode.c.objc; name = NewsViewController.m; path = Classes/NewsViewController.m; sourceTree = "<group>"; };
		32821A6C180B362900F07112 /* WYPopoverController.h */ = {isa = PBXFileReference; fileEncoding = 4; lastKnownFileType = sourcecode.c.h; name = WYPopoverController.h; path = WYPopover/WYPopoverController.h; sourceTree = "<group>"; };
		32821A6D180B362900F07112 /* WYPopoverController.m */ = {isa = PBXFileReference; fileEncoding = 4; lastKnownFileType = sourcecode.c.objc; name = WYPopoverController.m; path = WYPopover/WYPopoverController.m; sourceTree = "<group>"; };
		32821A6E180B362900F07112 /* WYStoryboardPopoverSegue.h */ = {isa = PBXFileReference; fileEncoding = 4; lastKnownFileType = sourcecode.c.h; name = WYStoryboardPopoverSegue.h; path = WYPopover/WYStoryboardPopoverSegue.h; sourceTree = "<group>"; };
		32821A6F180B362900F07112 /* WYStoryboardPopoverSegue.m */ = {isa = PBXFileReference; fileEncoding = 4; lastKnownFileType = sourcecode.c.objc; name = WYStoryboardPopoverSegue.m; path = WYPopover/WYStoryboardPopoverSegue.m; sourceTree = "<group>"; };
		32821A73180B38A500F07112 /* PopoverTableViewController.h */ = {isa = PBXFileReference; fileEncoding = 4; lastKnownFileType = sourcecode.c.h; name = PopoverTableViewController.h; path = Classes/PopoverTableViewController.h; sourceTree = "<group>"; };
		32821A74180B38A500F07112 /* PopoverTableViewController.m */ = {isa = PBXFileReference; fileEncoding = 4; lastKnownFileType = sourcecode.c.objc; name = PopoverTableViewController.m; path = Classes/PopoverTableViewController.m; sourceTree = "<group>"; };
		32877357180D69F700693E24 /* NewsTableViewController.h */ = {isa = PBXFileReference; fileEncoding = 4; lastKnownFileType = sourcecode.c.h; name = NewsTableViewController.h; path = Classes/NewsTableViewController.h; sourceTree = "<group>"; };
		32877358180D69F700693E24 /* NewsTableViewController.m */ = {isa = PBXFileReference; fileEncoding = 4; lastKnownFileType = sourcecode.c.objc; name = NewsTableViewController.m; path = Classes/NewsTableViewController.m; sourceTree = "<group>"; };
		3287735B180D6A6000693E24 /* NewsTableViewCell.h */ = {isa = PBXFileReference; fileEncoding = 4; lastKnownFileType = sourcecode.c.h; name = NewsTableViewCell.h; path = Classes/NewsTableViewCell.h; sourceTree = "<group>"; };
		3287735C180D6A6000693E24 /* NewsTableViewCell.m */ = {isa = PBXFileReference; fileEncoding = 4; lastKnownFileType = sourcecode.c.objc; name = NewsTableViewCell.m; path = Classes/NewsTableViewCell.m; sourceTree = "<group>"; };
		32877362180D6CB500693E24 /* placeholder.png */ = {isa = PBXFileReference; lastKnownFileType = image.png; path = placeholder.png; sourceTree = "<group>"; };
		328E7BAF1821B9AC0001B3CD /* UIFont+TNTUAdditions.h */ = {isa = PBXFileReference; fileEncoding = 4; lastKnownFileType = sourcecode.c.h; name = "UIFont+TNTUAdditions.h"; path = "Category/UIFont+TNTUAdditions.h"; sourceTree = "<group>"; };
		328E7BB01821B9AC0001B3CD /* UIFont+TNTUAdditions.m */ = {isa = PBXFileReference; fileEncoding = 4; lastKnownFileType = sourcecode.c.objc; name = "UIFont+TNTUAdditions.m"; path = "Category/UIFont+TNTUAdditions.m"; sourceTree = "<group>"; };
		3290DF8F183827700076B7B4 /* MHFacebookImageViewer.h */ = {isa = PBXFileReference; fileEncoding = 4; lastKnownFileType = sourcecode.c.h; path = MHFacebookImageViewer.h; sourceTree = "<group>"; };
		3290DF90183827700076B7B4 /* MHFacebookImageViewer.m */ = {isa = PBXFileReference; fileEncoding = 4; lastKnownFileType = sourcecode.c.objc; path = MHFacebookImageViewer.m; sourceTree = "<group>"; };
		3290DF92183827700076B7B4 /* Done.png */ = {isa = PBXFileReference; lastKnownFileType = image.png; path = Done.png; sourceTree = "<group>"; };
		3290DF93183827700076B7B4 /* Done@2x.png */ = {isa = PBXFileReference; lastKnownFileType = image.png; path = "Done@2x.png"; sourceTree = "<group>"; };
		3290DF9B183828910076B7B4 /* AFHTTPRequestOperation.h */ = {isa = PBXFileReference; fileEncoding = 4; lastKnownFileType = sourcecode.c.h; path = AFHTTPRequestOperation.h; sourceTree = "<group>"; };
		3290DF9C183828910076B7B4 /* AFHTTPRequestOperation.m */ = {isa = PBXFileReference; fileEncoding = 4; lastKnownFileType = sourcecode.c.objc; path = AFHTTPRequestOperation.m; sourceTree = "<group>"; };
		3290DF9D183828910076B7B4 /* AFHTTPRequestOperationManager.h */ = {isa = PBXFileReference; fileEncoding = 4; lastKnownFileType = sourcecode.c.h; path = AFHTTPRequestOperationManager.h; sourceTree = "<group>"; };
		3290DF9E183828910076B7B4 /* AFHTTPRequestOperationManager.m */ = {isa = PBXFileReference; fileEncoding = 4; lastKnownFileType = sourcecode.c.objc; path = AFHTTPRequestOperationManager.m; sourceTree = "<group>"; };
		3290DF9F183828910076B7B4 /* AFHTTPSessionManager.h */ = {isa = PBXFileReference; fileEncoding = 4; lastKnownFileType = sourcecode.c.h; path = AFHTTPSessionManager.h; sourceTree = "<group>"; };
		3290DFA0183828910076B7B4 /* AFHTTPSessionManager.m */ = {isa = PBXFileReference; fileEncoding = 4; lastKnownFileType = sourcecode.c.objc; path = AFHTTPSessionManager.m; sourceTree = "<group>"; };
		3290DFA1183828910076B7B4 /* AFNetworking.h */ = {isa = PBXFileReference; fileEncoding = 4; lastKnownFileType = sourcecode.c.h; path = AFNetworking.h; sourceTree = "<group>"; };
		3290DFA2183828910076B7B4 /* AFNetworkReachabilityManager.h */ = {isa = PBXFileReference; fileEncoding = 4; lastKnownFileType = sourcecode.c.h; path = AFNetworkReachabilityManager.h; sourceTree = "<group>"; };
		3290DFA3183828910076B7B4 /* AFNetworkReachabilityManager.m */ = {isa = PBXFileReference; fileEncoding = 4; lastKnownFileType = sourcecode.c.objc; path = AFNetworkReachabilityManager.m; sourceTree = "<group>"; };
		3290DFA4183828910076B7B4 /* AFSecurityPolicy.h */ = {isa = PBXFileReference; fileEncoding = 4; lastKnownFileType = sourcecode.c.h; path = AFSecurityPolicy.h; sourceTree = "<group>"; };
		3290DFA5183828910076B7B4 /* AFSecurityPolicy.m */ = {isa = PBXFileReference; fileEncoding = 4; lastKnownFileType = sourcecode.c.objc; path = AFSecurityPolicy.m; sourceTree = "<group>"; };
		3290DFA6183828910076B7B4 /* AFURLConnectionOperation.h */ = {isa = PBXFileReference; fileEncoding = 4; lastKnownFileType = sourcecode.c.h; path = AFURLConnectionOperation.h; sourceTree = "<group>"; };
		3290DFA7183828910076B7B4 /* AFURLConnectionOperation.m */ = {isa = PBXFileReference; fileEncoding = 4; lastKnownFileType = sourcecode.c.objc; path = AFURLConnectionOperation.m; sourceTree = "<group>"; };
		3290DFA8183828910076B7B4 /* AFURLRequestSerialization.h */ = {isa = PBXFileReference; fileEncoding = 4; lastKnownFileType = sourcecode.c.h; path = AFURLRequestSerialization.h; sourceTree = "<group>"; };
		3290DFA9183828910076B7B4 /* AFURLRequestSerialization.m */ = {isa = PBXFileReference; fileEncoding = 4; lastKnownFileType = sourcecode.c.objc; path = AFURLRequestSerialization.m; sourceTree = "<group>"; };
		3290DFAA183828910076B7B4 /* AFURLResponseSerialization.h */ = {isa = PBXFileReference; fileEncoding = 4; lastKnownFileType = sourcecode.c.h; path = AFURLResponseSerialization.h; sourceTree = "<group>"; };
		3290DFAB183828910076B7B4 /* AFURLResponseSerialization.m */ = {isa = PBXFileReference; fileEncoding = 4; lastKnownFileType = sourcecode.c.objc; path = AFURLResponseSerialization.m; sourceTree = "<group>"; };
		3290DFAC183828910076B7B4 /* AFURLSessionManager.h */ = {isa = PBXFileReference; fileEncoding = 4; lastKnownFileType = sourcecode.c.h; path = AFURLSessionManager.h; sourceTree = "<group>"; };
		3290DFAD183828910076B7B4 /* AFURLSessionManager.m */ = {isa = PBXFileReference; fileEncoding = 4; lastKnownFileType = sourcecode.c.objc; path = AFURLSessionManager.m; sourceTree = "<group>"; };
		3290DFAF183828910076B7B4 /* AFNetworkActivityIndicatorManager.h */ = {isa = PBXFileReference; fileEncoding = 4; lastKnownFileType = sourcecode.c.h; path = AFNetworkActivityIndicatorManager.h; sourceTree = "<group>"; };
		3290DFB0183828910076B7B4 /* AFNetworkActivityIndicatorManager.m */ = {isa = PBXFileReference; fileEncoding = 4; lastKnownFileType = sourcecode.c.objc; path = AFNetworkActivityIndicatorManager.m; sourceTree = "<group>"; };
		3290DFB1183828910076B7B4 /* UIActivityIndicatorView+AFNetworking.h */ = {isa = PBXFileReference; fileEncoding = 4; lastKnownFileType = sourcecode.c.h; path = "UIActivityIndicatorView+AFNetworking.h"; sourceTree = "<group>"; };
		3290DFB2183828910076B7B4 /* UIActivityIndicatorView+AFNetworking.m */ = {isa = PBXFileReference; fileEncoding = 4; lastKnownFileType = sourcecode.c.objc; path = "UIActivityIndicatorView+AFNetworking.m"; sourceTree = "<group>"; };
		3290DFB3183828910076B7B4 /* UIAlertView+AFNetworking.h */ = {isa = PBXFileReference; fileEncoding = 4; lastKnownFileType = sourcecode.c.h; path = "UIAlertView+AFNetworking.h"; sourceTree = "<group>"; };
		3290DFB4183828910076B7B4 /* UIAlertView+AFNetworking.m */ = {isa = PBXFileReference; fileEncoding = 4; lastKnownFileType = sourcecode.c.objc; path = "UIAlertView+AFNetworking.m"; sourceTree = "<group>"; };
		3290DFB5183828910076B7B4 /* UIButton+AFNetworking.h */ = {isa = PBXFileReference; fileEncoding = 4; lastKnownFileType = sourcecode.c.h; path = "UIButton+AFNetworking.h"; sourceTree = "<group>"; };
		3290DFB6183828910076B7B4 /* UIButton+AFNetworking.m */ = {isa = PBXFileReference; fileEncoding = 4; lastKnownFileType = sourcecode.c.objc; path = "UIButton+AFNetworking.m"; sourceTree = "<group>"; };
		3290DFB7183828910076B7B4 /* UIImageView+AFNetworking.h */ = {isa = PBXFileReference; fileEncoding = 4; lastKnownFileType = sourcecode.c.h; path = "UIImageView+AFNetworking.h"; sourceTree = "<group>"; };
		3290DFB8183828910076B7B4 /* UIImageView+AFNetworking.m */ = {isa = PBXFileReference; fileEncoding = 4; lastKnownFileType = sourcecode.c.objc; path = "UIImageView+AFNetworking.m"; sourceTree = "<group>"; };
		3290DFB9183828910076B7B4 /* UIKit+AFNetworking.h */ = {isa = PBXFileReference; fileEncoding = 4; lastKnownFileType = sourcecode.c.h; path = "UIKit+AFNetworking.h"; sourceTree = "<group>"; };
		3290DFBA183828910076B7B4 /* UIProgressView+AFNetworking.h */ = {isa = PBXFileReference; fileEncoding = 4; lastKnownFileType = sourcecode.c.h; path = "UIProgressView+AFNetworking.h"; sourceTree = "<group>"; };
		3290DFBB183828910076B7B4 /* UIProgressView+AFNetworking.m */ = {isa = PBXFileReference; fileEncoding = 4; lastKnownFileType = sourcecode.c.objc; path = "UIProgressView+AFNetworking.m"; sourceTree = "<group>"; };
		3290DFBC183828910076B7B4 /* UIWebView+AFNetworking.h */ = {isa = PBXFileReference; fileEncoding = 4; lastKnownFileType = sourcecode.c.h; path = "UIWebView+AFNetworking.h"; sourceTree = "<group>"; };
		3290DFBD183828910076B7B4 /* UIWebView+AFNetworking.m */ = {isa = PBXFileReference; fileEncoding = 4; lastKnownFileType = sourcecode.c.objc; path = "UIWebView+AFNetworking.m"; sourceTree = "<group>"; };
		3293771C180EEDA000D8172D /* Media.xcassets */ = {isa = PBXFileReference; lastKnownFileType = folder.assetcatalog; path = Media.xcassets; sourceTree = "<group>"; };
		3295A81618213B650034F065 /* ArticleTextView.h */ = {isa = PBXFileReference; fileEncoding = 4; lastKnownFileType = sourcecode.c.h; name = ArticleTextView.h; path = Classes/ArticleTextView.h; sourceTree = "<group>"; };
		3295A81718213B650034F065 /* ArticleTextView.m */ = {isa = PBXFileReference; fileEncoding = 4; lastKnownFileType = sourcecode.c.objc; name = ArticleTextView.m; path = Classes/ArticleTextView.m; sourceTree = "<group>"; };
		32A334A81847969C00284483 /* EmptyNewsCell.h */ = {isa = PBXFileReference; fileEncoding = 4; lastKnownFileType = sourcecode.c.h; name = EmptyNewsCell.h; path = Classes/EmptyNewsCell.h; sourceTree = "<group>"; };
		32A334A91847969C00284483 /* EmptyNewsCell.m */ = {isa = PBXFileReference; fileEncoding = 4; lastKnownFileType = sourcecode.c.objc; name = EmptyNewsCell.m; path = Classes/EmptyNewsCell.m; sourceTree = "<group>"; };
		32C1EA4317EB3468000ED75A /* ScheduleTableViewController.h */ = {isa = PBXFileReference; fileEncoding = 4; lastKnownFileType = sourcecode.c.h; name = ScheduleTableViewController.h; path = Classes/ScheduleTableViewController.h; sourceTree = "<group>"; };
		32C1EA4417EB3468000ED75A /* ScheduleTableViewController.m */ = {isa = PBXFileReference; fileEncoding = 4; lastKnownFileType = sourcecode.c.objc; name = ScheduleTableViewController.m; path = Classes/ScheduleTableViewController.m; sourceTree = "<group>"; };
		32C1EA4717EB3A81000ED75A /* ScheduleSingleCell.h */ = {isa = PBXFileReference; fileEncoding = 4; lastKnownFileType = sourcecode.c.h; name = ScheduleSingleCell.h; path = Classes/ScheduleSingleCell.h; sourceTree = "<group>"; };
		32C1EA4817EB3A81000ED75A /* ScheduleSingleCell.m */ = {isa = PBXFileReference; fileEncoding = 4; lastKnownFileType = sourcecode.c.objc; name = ScheduleSingleCell.m; path = Classes/ScheduleSingleCell.m; sourceTree = "<group>"; };
		32CBAA6F1829366600C9CB1A /* DismissPhotoTransition.h */ = {isa = PBXFileReference; fileEncoding = 4; lastKnownFileType = sourcecode.c.h; name = DismissPhotoTransition.h; path = Classes/DismissPhotoTransition.h; sourceTree = "<group>"; };
		32CBAA701829366600C9CB1A /* DismissPhotoTransition.m */ = {isa = PBXFileReference; fileEncoding = 4; lastKnownFileType = sourcecode.c.objc; name = DismissPhotoTransition.m; path = Classes/DismissPhotoTransition.m; sourceTree = "<group>"; };
/* End PBXFileReference section */

/* Begin PBXFrameworksBuildPhase section */
		32810D4017E7503600FF45C8 /* Frameworks */ = {
			isa = PBXFrameworksBuildPhase;
			buildActionMask = 2147483647;
			files = (
				32810D4917E7503600FF45C8 /* CoreGraphics.framework in Frameworks */,
				32810D4B17E7503600FF45C8 /* UIKit.framework in Frameworks */,
				32810D4717E7503600FF45C8 /* Foundation.framework in Frameworks */,
			);
			runOnlyForDeploymentPostprocessing = 0;
		};
		32810D6117E7503600FF45C8 /* Frameworks */ = {
			isa = PBXFrameworksBuildPhase;
			buildActionMask = 2147483647;
			files = (
				32810D6617E7503600FF45C8 /* XCTest.framework in Frameworks */,
				32810D6817E7503600FF45C8 /* UIKit.framework in Frameworks */,
				32810D6717E7503600FF45C8 /* Foundation.framework in Frameworks */,
			);
			runOnlyForDeploymentPostprocessing = 0;
		};
/* End PBXFrameworksBuildPhase section */

/* Begin PBXGroup section */
		32637BC918258D90005ED71E /* Categories */ = {
			isa = PBXGroup;
			children = (
				327FC8BF181D8FEA0085D605 /* UIColor+TNTUAdditions.h */,
				327FC8C0181D8FEA0085D605 /* UIColor+TNTUAdditions.m */,
				328E7BAF1821B9AC0001B3CD /* UIFont+TNTUAdditions.h */,
				328E7BB01821B9AC0001B3CD /* UIFont+TNTUAdditions.m */,
			);
			name = Categories;
			sourceTree = "<group>";
		};
		32810D3A17E7503600FF45C8 = {
			isa = PBXGroup;
			children = (
				32810D4C17E7503600FF45C8 /* TNTU App */,
				3210595E1812FACA00149324 /* schedule.plist */,
				32810D6B17E7503600FF45C8 /* TNTU AppTests */,
				32810D4517E7503600FF45C8 /* Frameworks */,
				32810D4417E7503600FF45C8 /* Products */,
			);
			sourceTree = "<group>";
		};
		32810D4417E7503600FF45C8 /* Products */ = {
			isa = PBXGroup;
			children = (
				32810D4317E7503600FF45C8 /* TNTU App.app */,
				32810D6417E7503600FF45C8 /* TNTU AppTests.xctest */,
			);
			name = Products;
			sourceTree = "<group>";
		};
		32810D4517E7503600FF45C8 /* Frameworks */ = {
			isa = PBXGroup;
			children = (
				32810D4617E7503600FF45C8 /* Foundation.framework */,
				32810D4817E7503600FF45C8 /* CoreGraphics.framework */,
				32810D4A17E7503600FF45C8 /* UIKit.framework */,
				32810D6517E7503600FF45C8 /* XCTest.framework */,
			);
			name = Frameworks;
			sourceTree = "<group>";
		};
		32810D4C17E7503600FF45C8 /* TNTU App */ = {
			isa = PBXGroup;
			children = (
				32810D5517E7503600FF45C8 /* AppDelegate.h */,
				32810D5617E7503600FF45C8 /* AppDelegate.m */,
				32810D5817E7503600FF45C8 /* Main.storyboard */,
				3210596018131E2300149324 /* TntuKit.h */,
				3210596118131E2300149324 /* TntuKit.m */,
				32810DA017E7A08C00FF45C8 /* Info Tab */,
				32810DA117E7A09700FF45C8 /* Schedule Tab */,
				3287735A180D69FD00693E24 /* News Tab */,
				32821A72180B362E00F07112 /* WYPopover */,
				3290DF8E183827700076B7B4 /* MHFBImageViewController */,
				32637BC918258D90005ED71E /* Categories */,
				32810D5E17E7503600FF45C8 /* Images.xcassets */,
				3293771C180EEDA000D8172D /* Media.xcassets */,
				32810D8317E7555E00FF45C8 /* Artwork */,
				32810D4D17E7503600FF45C8 /* Supporting Files */,
			);
			path = "TNTU App";
			sourceTree = "<group>";
		};
		32810D4D17E7503600FF45C8 /* Supporting Files */ = {
			isa = PBXGroup;
			children = (
				32810D4E17E7503600FF45C8 /* TNTU App-Info.plist */,
				32810D4F17E7503600FF45C8 /* InfoPlist.strings */,
				32810D5217E7503600FF45C8 /* main.m */,
				32810D5417E7503600FF45C8 /* TNTU App-Prefix.pch */,
			);
			name = "Supporting Files";
			sourceTree = "<group>";
		};
		32810D6B17E7503600FF45C8 /* TNTU AppTests */ = {
			isa = PBXGroup;
			children = (
				32810D7117E7503600FF45C8 /* TNTU_AppTests.m */,
				32810D6C17E7503600FF45C8 /* Supporting Files */,
			);
			path = "TNTU AppTests";
			sourceTree = "<group>";
		};
		32810D6C17E7503600FF45C8 /* Supporting Files */ = {
			isa = PBXGroup;
			children = (
				32810D6D17E7503600FF45C8 /* TNTU AppTests-Info.plist */,
				32810D6E17E7503600FF45C8 /* InfoPlist.strings */,
			);
			name = "Supporting Files";
			sourceTree = "<group>";
		};
		32810D8317E7555E00FF45C8 /* Artwork */ = {
			isa = PBXGroup;
			children = (
				32877362180D6CB500693E24 /* placeholder.png */,
			);
			name = Artwork;
			sourceTree = "<group>";
		};
		32810DA017E7A08C00FF45C8 /* Info Tab */ = {
			isa = PBXGroup;
			children = (
				32810D7B17E7521C00FF45C8 /* InfoMainTableViewController.h */,
				32810D7C17E7521C00FF45C8 /* InfoMainTableViewController.m */,
				32810D9617E75FBD00FF45C8 /* InfoSecondaryTableViewController.h */,
				32810D9717E75FBD00FF45C8 /* InfoSecondaryTableViewController.m */,
				32637BC618258639005ED71E /* ArticleTableViewController.h */,
				32637BC718258639005ED71E /* ArticleTableViewController.m */,
				3295A81618213B650034F065 /* ArticleTextView.h */,
				3295A81718213B650034F065 /* ArticleTextView.m */,
				3242795D182706E100E266BB /* PhotoViewController.h */,
				3242795E182706E100E266BB /* PhotoViewController.m */,
				3281ECD8183BB9C300EA41CA /* Custom Transitions */,
			);
			name = "Info Tab";
			sourceTree = "<group>";
		};
		32810DA117E7A09700FF45C8 /* Schedule Tab */ = {
			isa = PBXGroup;
			children = (
				32810DA217E7A7F700FF45C8 /* GroupsTableViewController.h */,
				32810DA317E7A7F700FF45C8 /* GroupsTableViewController.m */,
				32C1EA4317EB3468000ED75A /* ScheduleTableViewController.h */,
				32C1EA4417EB3468000ED75A /* ScheduleTableViewController.m */,
				32C1EA4717EB3A81000ED75A /* ScheduleSingleCell.h */,
				32C1EA4817EB3A81000ED75A /* ScheduleSingleCell.m */,
				32821A73180B38A500F07112 /* PopoverTableViewController.h */,
				32821A74180B38A500F07112 /* PopoverTableViewController.m */,
			);
			name = "Schedule Tab";
			sourceTree = "<group>";
		};
		3281ECD8183BB9C300EA41CA /* Custom Transitions */ = {
			isa = PBXGroup;
			children = (
				32427960182708B400E266BB /* ShowPhotoTransition.h */,
				32427961182708B400E266BB /* ShowPhotoTransition.m */,
				32CBAA6F1829366600C9CB1A /* DismissPhotoTransition.h */,
				32CBAA701829366600C9CB1A /* DismissPhotoTransition.m */,
			);
			name = "Custom Transitions";
			sourceTree = "<group>";
		};
		32821A72180B362E00F07112 /* WYPopover */ = {
			isa = PBXGroup;
			children = (
				32821A6C180B362900F07112 /* WYPopoverController.h */,
				32821A6D180B362900F07112 /* WYPopoverController.m */,
				32821A6E180B362900F07112 /* WYStoryboardPopoverSegue.h */,
				32821A6F180B362900F07112 /* WYStoryboardPopoverSegue.m */,
			);
			name = WYPopover;
			sourceTree = "<group>";
		};
		3287735A180D69FD00693E24 /* News Tab */ = {
			isa = PBXGroup;
			children = (
				32877357180D69F700693E24 /* NewsTableViewController.h */,
				32877358180D69F700693E24 /* NewsTableViewController.m */,
				3287735B180D6A6000693E24 /* NewsTableViewCell.h */,
				3287735C180D6A6000693E24 /* NewsTableViewCell.m */,
				3281ECD5183BB85F00EA41CA /* NewsViewController.h */,
				3281ECD6183BB85F00EA41CA /* NewsViewController.m */,
				3281ECD2183BB82B00EA41CA /* NewsTextView.h */,
				3281ECD3183BB82B00EA41CA /* NewsTextView.m */,
				32A334A81847969C00284483 /* EmptyNewsCell.h */,
				32A334A91847969C00284483 /* EmptyNewsCell.m */,
			);
			name = "News Tab";
			sourceTree = "<group>";
		};
		3290DF8E183827700076B7B4 /* MHFBImageViewController */ = {
			isa = PBXGroup;
			children = (
				3290DF9A183828910076B7B4 /* AFNetworking */,
				3290DFAE183828910076B7B4 /* UIKit+AFNetworking */,
				3290DF8F183827700076B7B4 /* MHFacebookImageViewer.h */,
				3290DF90183827700076B7B4 /* MHFacebookImageViewer.m */,
				3290DF91183827700076B7B4 /* Resources */,
			);
			path = MHFBImageViewController;
			sourceTree = "<group>";
		};
		3290DF91183827700076B7B4 /* Resources */ = {
			isa = PBXGroup;
			children = (
				3290DF92183827700076B7B4 /* Done.png */,
				3290DF93183827700076B7B4 /* Done@2x.png */,
			);
			path = Resources;
			sourceTree = "<group>";
		};
		3290DF9A183828910076B7B4 /* AFNetworking */ = {
			isa = PBXGroup;
			children = (
				3290DF9B183828910076B7B4 /* AFHTTPRequestOperation.h */,
				3290DF9C183828910076B7B4 /* AFHTTPRequestOperation.m */,
				3290DF9D183828910076B7B4 /* AFHTTPRequestOperationManager.h */,
				3290DF9E183828910076B7B4 /* AFHTTPRequestOperationManager.m */,
				3290DF9F183828910076B7B4 /* AFHTTPSessionManager.h */,
				3290DFA0183828910076B7B4 /* AFHTTPSessionManager.m */,
				3290DFA1183828910076B7B4 /* AFNetworking.h */,
				3290DFA2183828910076B7B4 /* AFNetworkReachabilityManager.h */,
				3290DFA3183828910076B7B4 /* AFNetworkReachabilityManager.m */,
				3290DFA4183828910076B7B4 /* AFSecurityPolicy.h */,
				3290DFA5183828910076B7B4 /* AFSecurityPolicy.m */,
				3290DFA6183828910076B7B4 /* AFURLConnectionOperation.h */,
				3290DFA7183828910076B7B4 /* AFURLConnectionOperation.m */,
				3290DFA8183828910076B7B4 /* AFURLRequestSerialization.h */,
				3290DFA9183828910076B7B4 /* AFURLRequestSerialization.m */,
				3290DFAA183828910076B7B4 /* AFURLResponseSerialization.h */,
				3290DFAB183828910076B7B4 /* AFURLResponseSerialization.m */,
				3290DFAC183828910076B7B4 /* AFURLSessionManager.h */,
				3290DFAD183828910076B7B4 /* AFURLSessionManager.m */,
			);
			path = AFNetworking;
			sourceTree = "<group>";
		};
		3290DFAE183828910076B7B4 /* UIKit+AFNetworking */ = {
			isa = PBXGroup;
			children = (
				3290DFAF183828910076B7B4 /* AFNetworkActivityIndicatorManager.h */,
				3290DFB0183828910076B7B4 /* AFNetworkActivityIndicatorManager.m */,
				3290DFB1183828910076B7B4 /* UIActivityIndicatorView+AFNetworking.h */,
				3290DFB2183828910076B7B4 /* UIActivityIndicatorView+AFNetworking.m */,
				3290DFB3183828910076B7B4 /* UIAlertView+AFNetworking.h */,
				3290DFB4183828910076B7B4 /* UIAlertView+AFNetworking.m */,
				3290DFB5183828910076B7B4 /* UIButton+AFNetworking.h */,
				3290DFB6183828910076B7B4 /* UIButton+AFNetworking.m */,
				3290DFB7183828910076B7B4 /* UIImageView+AFNetworking.h */,
				3290DFB8183828910076B7B4 /* UIImageView+AFNetworking.m */,
				3290DFB9183828910076B7B4 /* UIKit+AFNetworking.h */,
				3290DFBA183828910076B7B4 /* UIProgressView+AFNetworking.h */,
				3290DFBB183828910076B7B4 /* UIProgressView+AFNetworking.m */,
				3290DFBC183828910076B7B4 /* UIWebView+AFNetworking.h */,
				3290DFBD183828910076B7B4 /* UIWebView+AFNetworking.m */,
			);
			path = "UIKit+AFNetworking";
			sourceTree = "<group>";
		};
/* End PBXGroup section */

/* Begin PBXNativeTarget section */
		32810D4217E7503600FF45C8 /* TNTU App */ = {
			isa = PBXNativeTarget;
			buildConfigurationList = 32810D7517E7503600FF45C8 /* Build configuration list for PBXNativeTarget "TNTU App" */;
			buildPhases = (
				32810D3F17E7503600FF45C8 /* Sources */,
				32810D4017E7503600FF45C8 /* Frameworks */,
				32810D4117E7503600FF45C8 /* Resources */,
			);
			buildRules = (
			);
			dependencies = (
			);
			name = "TNTU App";
			productName = "TNTU App";
			productReference = 32810D4317E7503600FF45C8 /* TNTU App.app */;
			productType = "com.apple.product-type.application";
		};
		32810D6317E7503600FF45C8 /* TNTU AppTests */ = {
			isa = PBXNativeTarget;
			buildConfigurationList = 32810D7817E7503600FF45C8 /* Build configuration list for PBXNativeTarget "TNTU AppTests" */;
			buildPhases = (
				32810D6017E7503600FF45C8 /* Sources */,
				32810D6117E7503600FF45C8 /* Frameworks */,
				32810D6217E7503600FF45C8 /* Resources */,
			);
			buildRules = (
			);
			dependencies = (
				32810D6A17E7503600FF45C8 /* PBXTargetDependency */,
			);
			name = "TNTU AppTests";
			productName = "TNTU AppTests";
			productReference = 32810D6417E7503600FF45C8 /* TNTU AppTests.xctest */;
			productType = "com.apple.product-type.bundle.unit-test";
		};
/* End PBXNativeTarget section */

/* Begin PBXProject section */
		32810D3B17E7503600FF45C8 /* Project object */ = {
			isa = PBXProject;
			attributes = {
				CLASSPREFIX = "";
				LastUpgradeCheck = 0500;
				ORGANIZATIONNAME = Dima;
				TargetAttributes = {
					32810D6317E7503600FF45C8 = {
						TestTargetID = 32810D4217E7503600FF45C8;
					};
				};
			};
			buildConfigurationList = 32810D3E17E7503600FF45C8 /* Build configuration list for PBXProject "TNTU App" */;
			compatibilityVersion = "Xcode 3.2";
			developmentRegion = English;
			hasScannedForEncodings = 0;
			knownRegions = (
				en,
				Base,
			);
			mainGroup = 32810D3A17E7503600FF45C8;
			productRefGroup = 32810D4417E7503600FF45C8 /* Products */;
			projectDirPath = "";
			projectRoot = "";
			targets = (
				32810D4217E7503600FF45C8 /* TNTU App */,
				32810D6317E7503600FF45C8 /* TNTU AppTests */,
			);
		};
/* End PBXProject section */

/* Begin PBXResourcesBuildPhase section */
		32810D4117E7503600FF45C8 /* Resources */ = {
			isa = PBXResourcesBuildPhase;
			buildActionMask = 2147483647;
			files = (
				3290DF95183827700076B7B4 /* Done.png in Resources */,
				3293771D180EEDA000D8172D /* Media.xcassets in Resources */,
				3210595F1812FACA00149324 /* schedule.plist in Resources */,
				32877363180D6CB500693E24 /* placeholder.png in Resources */,
				32810D5F17E7503600FF45C8 /* Images.xcassets in Resources */,
				32810D5117E7503600FF45C8 /* InfoPlist.strings in Resources */,
				3290DF96183827700076B7B4 /* Done@2x.png in Resources */,
				32810D5A17E7503600FF45C8 /* Main.storyboard in Resources */,
			);
			runOnlyForDeploymentPostprocessing = 0;
		};
		32810D6217E7503600FF45C8 /* Resources */ = {
			isa = PBXResourcesBuildPhase;
			buildActionMask = 2147483647;
			files = (
				32810D7017E7503600FF45C8 /* InfoPlist.strings in Resources */,
			);
			runOnlyForDeploymentPostprocessing = 0;
		};
/* End PBXResourcesBuildPhase section */

/* Begin PBXSourcesBuildPhase section */
		32810D3F17E7503600FF45C8 /* Sources */ = {
			isa = PBXSourcesBuildPhase;
			buildActionMask = 2147483647;
			files = (
				3290DFCA183828910076B7B4 /* UIButton+AFNetworking.m in Sources */,
				32427962182708B400E266BB /* ShowPhotoTransition.m in Sources */,
				327FC8C1181D8FEA0085D605 /* UIColor+TNTUAdditions.m in Sources */,
				32810D5717E7503600FF45C8 /* AppDelegate.m in Sources */,
				3290DFCC183828910076B7B4 /* UIProgressView+AFNetworking.m in Sources */,
				32821A75180B38A500F07112 /* PopoverTableViewController.m in Sources */,
				3281ECD7183BB85F00EA41CA /* NewsViewController.m in Sources */,
				3290DFC3183828910076B7B4 /* AFURLConnectionOperation.m in Sources */,
				32CBAA711829366600C9CB1A /* DismissPhotoTransition.m in Sources */,
				32810D9817E75FBD00FF45C8 /* InfoSecondaryTableViewController.m in Sources */,
				32C1EA4517EB3468000ED75A /* ScheduleTableViewController.m in Sources */,
				32821A70180B362900F07112 /* WYPopoverController.m in Sources */,
				3210596218131E2300149324 /* TntuKit.m in Sources */,
				3281ECD4183BB82B00EA41CA /* NewsTextView.m in Sources */,
				32810D5317E7503600FF45C8 /* main.m in Sources */,
				3290DFC7183828910076B7B4 /* AFNetworkActivityIndicatorManager.m in Sources */,
				3290DFBE183828910076B7B4 /* AFHTTPRequestOperation.m in Sources */,
				32637BC818258639005ED71E /* ArticleTableViewController.m in Sources */,
				3290DFC1183828910076B7B4 /* AFNetworkReachabilityManager.m in Sources */,
				3290DFC9183828910076B7B4 /* UIAlertView+AFNetworking.m in Sources */,
				3290DF94183827700076B7B4 /* MHFacebookImageViewer.m in Sources */,
				3290DFC6183828910076B7B4 /* AFURLSessionManager.m in Sources */,
				32A334AA1847969C00284483 /* EmptyNewsCell.m in Sources */,
				3287735D180D6A6000693E24 /* NewsTableViewCell.m in Sources */,
				3290DFBF183828910076B7B4 /* AFHTTPRequestOperationManager.m in Sources */,
				3290DFC0183828910076B7B4 /* AFHTTPSessionManager.m in Sources */,
				3290DFCD183828910076B7B4 /* UIWebView+AFNetworking.m in Sources */,
				32810D7D17E7521C00FF45C8 /* InfoMainTableViewController.m in Sources */,
				3290DFC5183828910076B7B4 /* AFURLResponseSerialization.m in Sources */,
				3290DFC4183828910076B7B4 /* AFURLRequestSerialization.m in Sources */,
				32810DA417E7A7F700FF45C8 /* GroupsTableViewController.m in Sources */,
				3290DFCB183828910076B7B4 /* UIImageView+AFNetworking.m in Sources */,
				32877359180D69F700693E24 /* NewsTableViewController.m in Sources */,
				32C1EA4917EB3A81000ED75A /* ScheduleSingleCell.m in Sources */,
				3295A81818213B650034F065 /* ArticleTextView.m in Sources */,
				3290DFC2183828910076B7B4 /* AFSecurityPolicy.m in Sources */,
				3242795F182706E100E266BB /* PhotoViewController.m in Sources */,
				328E7BB11821B9AC0001B3CD /* UIFont+TNTUAdditions.m in Sources */,
				3290DFC8183828910076B7B4 /* UIActivityIndicatorView+AFNetworking.m in Sources */,
				32821A71180B362900F07112 /* WYStoryboardPopoverSegue.m in Sources */,
			);
			runOnlyForDeploymentPostprocessing = 0;
		};
		32810D6017E7503600FF45C8 /* Sources */ = {
			isa = PBXSourcesBuildPhase;
			buildActionMask = 2147483647;
			files = (
				32810D9917E75FBD00FF45C8 /* InfoSecondaryTableViewController.m in Sources */,
				32810D7217E7503600FF45C8 /* TNTU_AppTests.m in Sources */,
				32810D7E17E7521C00FF45C8 /* InfoMainTableViewController.m in Sources */,
				32810DA517E7A7F700FF45C8 /* GroupsTableViewController.m in Sources */,
			);
			runOnlyForDeploymentPostprocessing = 0;
		};
/* End PBXSourcesBuildPhase section */

/* Begin PBXTargetDependency section */
		32810D6A17E7503600FF45C8 /* PBXTargetDependency */ = {
			isa = PBXTargetDependency;
			target = 32810D4217E7503600FF45C8 /* TNTU App */;
			targetProxy = 32810D6917E7503600FF45C8 /* PBXContainerItemProxy */;
		};
/* End PBXTargetDependency section */

/* Begin PBXVariantGroup section */
		32810D4F17E7503600FF45C8 /* InfoPlist.strings */ = {
			isa = PBXVariantGroup;
			children = (
				32810D5017E7503600FF45C8 /* en */,
			);
			name = InfoPlist.strings;
			sourceTree = "<group>";
		};
		32810D5817E7503600FF45C8 /* Main.storyboard */ = {
			isa = PBXVariantGroup;
			children = (
				3210595D1812FA9B00149324 /* en */,
			);
			name = Main.storyboard;
			sourceTree = "<group>";
		};
		32810D6E17E7503600FF45C8 /* InfoPlist.strings */ = {
			isa = PBXVariantGroup;
			children = (
				32810D6F17E7503600FF45C8 /* en */,
			);
			name = InfoPlist.strings;
			sourceTree = "<group>";
		};
/* End PBXVariantGroup section */

/* Begin XCBuildConfiguration section */
		32810D7317E7503600FF45C8 /* Debug */ = {
			isa = XCBuildConfiguration;
			buildSettings = {
				ALWAYS_SEARCH_USER_PATHS = NO;
				ARCHS = "$(ARCHS_STANDARD_INCLUDING_64_BIT)";
				CLANG_CXX_LANGUAGE_STANDARD = "gnu++0x";
				CLANG_CXX_LIBRARY = "libc++";
				CLANG_ENABLE_MODULES = YES;
				CLANG_ENABLE_OBJC_ARC = YES;
				CLANG_WARN_BOOL_CONVERSION = YES;
				CLANG_WARN_CONSTANT_CONVERSION = YES;
				CLANG_WARN_DIRECT_OBJC_ISA_USAGE = YES_ERROR;
				CLANG_WARN_EMPTY_BODY = YES;
				CLANG_WARN_ENUM_CONVERSION = YES;
				CLANG_WARN_INT_CONVERSION = YES;
				CLANG_WARN_OBJC_ROOT_CLASS = YES_ERROR;
				CLANG_WARN__DUPLICATE_METHOD_MATCH = YES;
				"CODE_SIGN_IDENTITY[sdk=iphoneos*]" = "iPhone Developer";
				COPY_PHASE_STRIP = NO;
				GCC_C_LANGUAGE_STANDARD = gnu99;
				GCC_DYNAMIC_NO_PIC = NO;
				GCC_OPTIMIZATION_LEVEL = 0;
				GCC_PREPROCESSOR_DEFINITIONS = (
					"DEBUG=1",
					"$(inherited)",
				);
				GCC_SYMBOLS_PRIVATE_EXTERN = NO;
				GCC_WARN_64_TO_32_BIT_CONVERSION = YES;
				GCC_WARN_ABOUT_RETURN_TYPE = YES_ERROR;
				GCC_WARN_UNDECLARED_SELECTOR = YES;
				GCC_WARN_UNINITIALIZED_AUTOS = YES;
				GCC_WARN_UNUSED_FUNCTION = YES;
				GCC_WARN_UNUSED_VARIABLE = YES;
				IPHONEOS_DEPLOYMENT_TARGET = 7.0;
				ONLY_ACTIVE_ARCH = YES;
				SDKROOT = iphoneos;
			};
			name = Debug;
		};
		32810D7417E7503600FF45C8 /* Release */ = {
			isa = XCBuildConfiguration;
			buildSettings = {
				ALWAYS_SEARCH_USER_PATHS = NO;
				ARCHS = "$(ARCHS_STANDARD_INCLUDING_64_BIT)";
				CLANG_CXX_LANGUAGE_STANDARD = "gnu++0x";
				CLANG_CXX_LIBRARY = "libc++";
				CLANG_ENABLE_MODULES = YES;
				CLANG_ENABLE_OBJC_ARC = YES;
				CLANG_WARN_BOOL_CONVERSION = YES;
				CLANG_WARN_CONSTANT_CONVERSION = YES;
				CLANG_WARN_DIRECT_OBJC_ISA_USAGE = YES_ERROR;
				CLANG_WARN_EMPTY_BODY = YES;
				CLANG_WARN_ENUM_CONVERSION = YES;
				CLANG_WARN_INT_CONVERSION = YES;
				CLANG_WARN_OBJC_ROOT_CLASS = YES_ERROR;
				CLANG_WARN__DUPLICATE_METHOD_MATCH = YES;
				"CODE_SIGN_IDENTITY[sdk=iphoneos*]" = "iPhone Developer";
				COPY_PHASE_STRIP = YES;
				ENABLE_NS_ASSERTIONS = NO;
				GCC_C_LANGUAGE_STANDARD = gnu99;
				GCC_WARN_64_TO_32_BIT_CONVERSION = YES;
				GCC_WARN_ABOUT_RETURN_TYPE = YES_ERROR;
				GCC_WARN_UNDECLARED_SELECTOR = YES;
				GCC_WARN_UNINITIALIZED_AUTOS = YES;
				GCC_WARN_UNUSED_FUNCTION = YES;
				GCC_WARN_UNUSED_VARIABLE = YES;
				IPHONEOS_DEPLOYMENT_TARGET = 7.0;
				SDKROOT = iphoneos;
				VALIDATE_PRODUCT = YES;
			};
			name = Release;
		};
		32810D7617E7503600FF45C8 /* Debug */ = {
			isa = XCBuildConfiguration;
			buildSettings = {
				ASSETCATALOG_COMPILER_APPICON_NAME = AppIcon;
				ASSETCATALOG_COMPILER_LAUNCHIMAGE_NAME = LaunchImage;
				GCC_PRECOMPILE_PREFIX_HEADER = YES;
				GCC_PREFIX_HEADER = "TNTU App/TNTU App-Prefix.pch";
				INFOPLIST_FILE = "TNTU App/TNTU App-Info.plist";
				IPHONEOS_DEPLOYMENT_TARGET = 7.0;
				PRODUCT_NAME = "$(TARGET_NAME)";
				TARGETED_DEVICE_FAMILY = 1;
				WRAPPER_EXTENSION = app;
			};
			name = Debug;
		};
		32810D7717E7503600FF45C8 /* Release */ = {
			isa = XCBuildConfiguration;
			buildSettings = {
				ASSETCATALOG_COMPILER_APPICON_NAME = AppIcon;
				ASSETCATALOG_COMPILER_LAUNCHIMAGE_NAME = LaunchImage;
				GCC_PRECOMPILE_PREFIX_HEADER = YES;
				GCC_PREFIX_HEADER = "TNTU App/TNTU App-Prefix.pch";
				INFOPLIST_FILE = "TNTU App/TNTU App-Info.plist";
				IPHONEOS_DEPLOYMENT_TARGET = 7.0;
				PRODUCT_NAME = "$(TARGET_NAME)";
				TARGETED_DEVICE_FAMILY = 1;
				WRAPPER_EXTENSION = app;
			};
			name = Release;
		};
		32810D7917E7503600FF45C8 /* Debug */ = {
			isa = XCBuildConfiguration;
			buildSettings = {
				ARCHS = "$(ARCHS_STANDARD_INCLUDING_64_BIT)";
				BUNDLE_LOADER = "$(BUILT_PRODUCTS_DIR)/TNTU App.app/TNTU App";
				FRAMEWORK_SEARCH_PATHS = (
					"$(SDKROOT)/Developer/Library/Frameworks",
					"$(inherited)",
					"$(DEVELOPER_FRAMEWORKS_DIR)",
				);
				GCC_PRECOMPILE_PREFIX_HEADER = YES;
				GCC_PREFIX_HEADER = "TNTU App/TNTU App-Prefix.pch";
				GCC_PREPROCESSOR_DEFINITIONS = (
					"DEBUG=1",
					"$(inherited)",
				);
				INFOPLIST_FILE = "TNTU AppTests/TNTU AppTests-Info.plist";
				PRODUCT_NAME = "$(TARGET_NAME)";
				TEST_HOST = "$(BUNDLE_LOADER)";
				WRAPPER_EXTENSION = xctest;
			};
			name = Debug;
		};
		32810D7A17E7503600FF45C8 /* Release */ = {
			isa = XCBuildConfiguration;
			buildSettings = {
				ARCHS = "$(ARCHS_STANDARD_INCLUDING_64_BIT)";
				BUNDLE_LOADER = "$(BUILT_PRODUCTS_DIR)/TNTU App.app/TNTU App";
				FRAMEWORK_SEARCH_PATHS = (
					"$(SDKROOT)/Developer/Library/Frameworks",
					"$(inherited)",
					"$(DEVELOPER_FRAMEWORKS_DIR)",
				);
				GCC_PRECOMPILE_PREFIX_HEADER = YES;
				GCC_PREFIX_HEADER = "TNTU App/TNTU App-Prefix.pch";
				INFOPLIST_FILE = "TNTU AppTests/TNTU AppTests-Info.plist";
				PRODUCT_NAME = "$(TARGET_NAME)";
				TEST_HOST = "$(BUNDLE_LOADER)";
				WRAPPER_EXTENSION = xctest;
			};
			name = Release;
		};
/* End XCBuildConfiguration section */

/* Begin XCConfigurationList section */
		32810D3E17E7503600FF45C8 /* Build configuration list for PBXProject "TNTU App" */ = {
			isa = XCConfigurationList;
			buildConfigurations = (
				32810D7317E7503600FF45C8 /* Debug */,
				32810D7417E7503600FF45C8 /* Release */,
			);
			defaultConfigurationIsVisible = 0;
			defaultConfigurationName = Release;
		};
		32810D7517E7503600FF45C8 /* Build configuration list for PBXNativeTarget "TNTU App" */ = {
			isa = XCConfigurationList;
			buildConfigurations = (
				32810D7617E7503600FF45C8 /* Debug */,
				32810D7717E7503600FF45C8 /* Release */,
			);
			defaultConfigurationIsVisible = 0;
			defaultConfigurationName = Release;
		};
		32810D7817E7503600FF45C8 /* Build configuration list for PBXNativeTarget "TNTU AppTests" */ = {
			isa = XCConfigurationList;
			buildConfigurations = (
				32810D7917E7503600FF45C8 /* Debug */,
				32810D7A17E7503600FF45C8 /* Release */,
			);
			defaultConfigurationIsVisible = 0;
			defaultConfigurationName = Release;
		};
/* End XCConfigurationList section */
	};
	rootObject = 32810D3B17E7503600FF45C8 /* Project object */;
}
